
Microsoft Visual Studio Solution File, Format Version 12.00
# Visual Studio Version 17
VisualStudioVersion = 17.5.002.0
MinimumVisualStudioVersion = 10.0.40219.1
Project("{9A19103F-16F7-4668-BE54-9A1E7A4F7556}") = "task_1", "task_1\task_1.csproj", "{B5F21029-337D-40D6-BB3A-BF1E18F05253}"
EndProject
Global
	GlobalSection(SolutionConfigurationPlatforms) = preSolution
		Debug|Any CPU = Debug|Any CPU
		Release|Any CPU = Release|Any CPU
	EndGlobalSection
	GlobalSection(ProjectConfigurationPlatforms) = postSolution
		{B5F21029-337D-40D6-BB3A-BF1E18F05253}.Debug|Any CPU.ActiveCfg = Debug|Any CPU
		{B5F21029-337D-40D6-BB3A-BF1E18F05253}.Debug|Any CPU.Build.0 = Debug|Any CPU
		{B5F21029-337D-40D6-BB3A-BF1E18F05253}.Release|Any CPU.ActiveCfg = Release|Any CPU
		{B5F21029-337D-40D6-BB3A-BF1E18F05253}.Release|Any CPU.Build.0 = Release|Any CPU
	EndGlobalSection
	GlobalSection(SolutionProperties) = preSolution
		HideSolutionNode = FALSE
	EndGlobalSection
	GlobalSection(ExtensibilityGlobals) = postSolution
		SolutionGuid = {6B3E58DD-DE6F-4D78-BFF3-74262DD171D9}
	EndGlobalSection
EndGlobal
